// !$*UTF8*$!
{
	archiveVersion = 1;
	classes = {
	};
	objectVersion = 50;
	objects = {

/* Begin PBXBuildFile section */
		F239968E2510F1D900B57D61 /* AppDelegate.swift in Sources */ = {isa = PBXBuildFile; fileRef = F239968D2510F1D900B57D61 /* AppDelegate.swift */; };
		F23996902510F1D900B57D61 /* SceneDelegate.swift in Sources */ = {isa = PBXBuildFile; fileRef = F239968F2510F1D900B57D61 /* SceneDelegate.swift */; };
		F23996922510F1D900B57D61 /* ViewController.swift in Sources */ = {isa = PBXBuildFile; fileRef = F23996912510F1D900B57D61 /* ViewController.swift */; };
		F23996952510F1D900B57D61 /* Main.storyboard in Resources */ = {isa = PBXBuildFile; fileRef = F23996932510F1D900B57D61 /* Main.storyboard */; };
		F23996972510F1DC00B57D61 /* Assets.xcassets in Resources */ = {isa = PBXBuildFile; fileRef = F23996962510F1DC00B57D61 /* Assets.xcassets */; };
		F239969A2510F1DC00B57D61 /* LaunchScreen.storyboard in Resources */ = {isa = PBXBuildFile; fileRef = F23996982510F1DC00B57D61 /* LaunchScreen.storyboard */; };
		F23996A52510F1DD00B57D61 /* loginTests.swift in Sources */ = {isa = PBXBuildFile; fileRef = F23996A42510F1DD00B57D61 /* loginTests.swift */; };
		F23996B02510F1DD00B57D61 /* loginUITests.swift in Sources */ = {isa = PBXBuildFile; fileRef = F23996AF2510F1DD00B57D61 /* loginUITests.swift */; };
/* End PBXBuildFile section */

/* Begin PBXContainerItemProxy section */
		F23996A12510F1DD00B57D61 /* PBXContainerItemProxy */ = {
			isa = PBXContainerItemProxy;
			containerPortal = F23996822510F1D900B57D61 /* Project object */;
			proxyType = 1;
			remoteGlobalIDString = F23996892510F1D900B57D61;
			remoteInfo = login;
		};
		F23996AC2510F1DD00B57D61 /* PBXContainerItemProxy */ = {
			isa = PBXContainerItemProxy;
			containerPortal = F23996822510F1D900B57D61 /* Project object */;
			proxyType = 1;
			remoteGlobalIDString = F23996892510F1D900B57D61;
			remoteInfo = login;
		};
/* End PBXContainerItemProxy section */

/* Begin PBXFileReference section */
		F239968A2510F1D900B57D61 /* login.app */ = {isa = PBXFileReference; explicitFileType = wrapper.application; includeInIndex = 0; path = login.app; sourceTree = BUILT_PRODUCTS_DIR; };
		F239968D2510F1D900B57D61 /* AppDelegate.swift */ = {isa = PBXFileReference; lastKnownFileType = sourcecode.swift; path = AppDelegate.swift; sourceTree = "<group>"; };
		F239968F2510F1D900B57D61 /* SceneDelegate.swift */ = {isa = PBXFileReference; lastKnownFileType = sourcecode.swift; path = SceneDelegate.swift; sourceTree = "<group>"; };
		F23996912510F1D900B57D61 /* ViewController.swift */ = {isa = PBXFileReference; lastKnownFileType = sourcecode.swift; path = ViewController.swift; sourceTree = "<group>"; };
		F23996942510F1D900B57D61 /* Base */ = {isa = PBXFileReference; lastKnownFileType = file.storyboard; name = Base; path = Base.lproj/Main.storyboard; sourceTree = "<group>"; };
		F23996962510F1DC00B57D61 /* Assets.xcassets */ = {isa = PBXFileReference; lastKnownFileType = folder.assetcatalog; path = Assets.xcassets; sourceTree = "<group>"; };
		F23996992510F1DC00B57D61 /* Base */ = {isa = PBXFileReference; lastKnownFileType = file.storyboard; name = Base; path = Base.lproj/LaunchScreen.storyboard; sourceTree = "<group>"; };
		F239969B2510F1DC00B57D61 /* Info.plist */ = {isa = PBXFileReference; lastKnownFileType = text.plist.xml; path = Info.plist; sourceTree = "<group>"; };
		F23996A02510F1DD00B57D61 /* loginTests.xctest */ = {isa = PBXFileReference; explicitFileType = wrapper.cfbundle; includeInIndex = 0; path = loginTests.xctest; sourceTree = BUILT_PRODUCTS_DIR; };
		F23996A42510F1DD00B57D61 /* loginTests.swift */ = {isa = PBXFileReference; lastKnownFileType = sourcecode.swift; path = loginTests.swift; sourceTree = "<group>"; };
		F23996A62510F1DD00B57D61 /* Info.plist */ = {isa = PBXFileReference; lastKnownFileType = text.plist.xml; path = Info.plist; sourceTree = "<group>"; };
		F23996AB2510F1DD00B57D61 /* loginUITests.xctest */ = {isa = PBXFileReference; explicitFileType = wrapper.cfbundle; includeInIndex = 0; path = loginUITests.xctest; sourceTree = BUILT_PRODUCTS_DIR; };
		F23996AF2510F1DD00B57D61 /* loginUITests.swift */ = {isa = PBXFileReference; lastKnownFileType = sourcecode.swift; path = loginUITests.swift; sourceTree = "<group>"; };
		F23996B12510F1DD00B57D61 /* Info.plist */ = {isa = PBXFileReference; lastKnownFileType = text.plist.xml; path = Info.plist; sourceTree = "<group>"; };
/* End PBXFileReference section */

/* Begin PBXFrameworksBuildPhase section */
		F23996872510F1D900B57D61 /* Frameworks */ = {
			isa = PBXFrameworksBuildPhase;
			buildActionMask = 2147483647;
			files = (
			);
			runOnlyForDeploymentPostprocessing = 0;
		};
		F239969D2510F1DD00B57D61 /* Frameworks */ = {
			isa = PBXFrameworksBuildPhase;
			buildActionMask = 2147483647;
			files = (
			);
			runOnlyForDeploymentPostprocessing = 0;
		};
		F23996A82510F1DD00B57D61 /* Frameworks */ = {
			isa = PBXFrameworksBuildPhase;
			buildActionMask = 2147483647;
			files = (
			);
			runOnlyForDeploymentPostprocessing = 0;
		};
/* End PBXFrameworksBuildPhase section */

/* Begin PBXGroup section */
		F23996812510F1D900B57D61 = {
			isa = PBXGroup;
			children = (
				F239968C2510F1D900B57D61 /* login */,
				F23996A32510F1DD00B57D61 /* loginTests */,
				F23996AE2510F1DD00B57D61 /* loginUITests */,
				F239968B2510F1D900B57D61 /* Products */,
			);
			sourceTree = "<group>";
		};
		F239968B2510F1D900B57D61 /* Products */ = {
			isa = PBXGroup;
			children = (
				F239968A2510F1D900B57D61 /* login.app */,
				F23996A02510F1DD00B57D61 /* loginTests.xctest */,
				F23996AB2510F1DD00B57D61 /* loginUITests.xctest */,
			);
			name = Products;
			sourceTree = "<group>";
		};
		F239968C2510F1D900B57D61 /* login */ = {
			isa = PBXGroup;
			children = (
				F239968D2510F1D900B57D61 /* AppDelegate.swift */,
				F239968F2510F1D900B57D61 /* SceneDelegate.swift */,
				F23996912510F1D900B57D61 /* ViewController.swift */,
				F23996932510F1D900B57D61 /* Main.storyboard */,
				F23996962510F1DC00B57D61 /* Assets.xcassets */,
				F23996982510F1DC00B57D61 /* LaunchScreen.storyboard */,
				F239969B2510F1DC00B57D61 /* Info.plist */,
			);
			path = login;
			sourceTree = "<group>";
		};
		F23996A32510F1DD00B57D61 /* loginTests */ = {
			isa = PBXGroup;
			children = (
				F23996A42510F1DD00B57D61 /* loginTests.swift */,
				F23996A62510F1DD00B57D61 /* Info.plist */,
			);
			path = loginTests;
			sourceTree = "<group>";
		};
		F23996AE2510F1DD00B57D61 /* loginUITests */ = {
			isa = PBXGroup;
			children = (
				F23996AF2510F1DD00B57D61 /* loginUITests.swift */,
				F23996B12510F1DD00B57D61 /* Info.plist */,
			);
			path = loginUITests;
			sourceTree = "<group>";
		};
/* End PBXGroup section */

/* Begin PBXNativeTarget section */
		F23996892510F1D900B57D61 /* login */ = {
			isa = PBXNativeTarget;
			buildConfigurationList = F23996B42510F1DD00B57D61 /* Build configuration list for PBXNativeTarget "login" */;
			buildPhases = (
				F23996862510F1D900B57D61 /* Sources */,
				F23996872510F1D900B57D61 /* Frameworks */,
				F23996882510F1D900B57D61 /* Resources */,
			);
			buildRules = (
			);
			dependencies = (
			);
			name = login;
			productName = login;
			productReference = F239968A2510F1D900B57D61 /* login.app */;
			productType = "com.apple.product-type.application";
		};
		F239969F2510F1DD00B57D61 /* loginTests */ = {
			isa = PBXNativeTarget;
			buildConfigurationList = F23996B72510F1DD00B57D61 /* Build configuration list for PBXNativeTarget "loginTests" */;
			buildPhases = (
				F239969C2510F1DD00B57D61 /* Sources */,
				F239969D2510F1DD00B57D61 /* Frameworks */,
				F239969E2510F1DD00B57D61 /* Resources */,
			);
			buildRules = (
			);
			dependencies = (
				F23996A22510F1DD00B57D61 /* PBXTargetDependency */,
			);
			name = loginTests;
			productName = loginTests;
			productReference = F23996A02510F1DD00B57D61 /* loginTests.xctest */;
			productType = "com.apple.product-type.bundle.unit-test";
		};
		F23996AA2510F1DD00B57D61 /* loginUITests */ = {
			isa = PBXNativeTarget;
			buildConfigurationList = F23996BA2510F1DD00B57D61 /* Build configuration list for PBXNativeTarget "loginUITests" */;
			buildPhases = (
				F23996A72510F1DD00B57D61 /* Sources */,
				F23996A82510F1DD00B57D61 /* Frameworks */,
				F23996A92510F1DD00B57D61 /* Resources */,
			);
			buildRules = (
			);
			dependencies = (
				F23996AD2510F1DD00B57D61 /* PBXTargetDependency */,
			);
			name = loginUITests;
			productName = loginUITests;
			productReference = F23996AB2510F1DD00B57D61 /* loginUITests.xctest */;
			productType = "com.apple.product-type.bundle.ui-testing";
		};
/* End PBXNativeTarget section */

/* Begin PBXProject section */
		F23996822510F1D900B57D61 /* Project object */ = {
			isa = PBXProject;
			attributes = {
				LastSwiftUpdateCheck = 1170;
				LastUpgradeCheck = 1170;
				ORGANIZATIONNAME = "Grazi Berti";
				TargetAttributes = {
					F23996892510F1D900B57D61 = {
						CreatedOnToolsVersion = 11.7;
					};
					F239969F2510F1DD00B57D61 = {
						CreatedOnToolsVersion = 11.7;
						TestTargetID = F23996892510F1D900B57D61;
					};
					F23996AA2510F1DD00B57D61 = {
						CreatedOnToolsVersion = 11.7;
						TestTargetID = F23996892510F1D900B57D61;
					};
				};
			};
			buildConfigurationList = F23996852510F1D900B57D61 /* Build configuration list for PBXProject "login" */;
			compatibilityVersion = "Xcode 9.3";
			developmentRegion = en;
			hasScannedForEncodings = 0;
			knownRegions = (
				en,
				Base,
			);
			mainGroup = F23996812510F1D900B57D61;
			productRefGroup = F239968B2510F1D900B57D61 /* Products */;
			projectDirPath = "";
			projectRoot = "";
			targets = (
				F23996892510F1D900B57D61 /* login */,
				F239969F2510F1DD00B57D61 /* loginTests */,
				F23996AA2510F1DD00B57D61 /* loginUITests */,
			);
		};
/* End PBXProject section */

/* Begin PBXResourcesBuildPhase section */
		F23996882510F1D900B57D61 /* Resources */ = {
			isa = PBXResourcesBuildPhase;
			buildActionMask = 2147483647;
			files = (
				F239969A2510F1DC00B57D61 /* LaunchScreen.storyboard in Resources */,
				F23996972510F1DC00B57D61 /* Assets.xcassets in Resources */,
				F23996952510F1D900B57D61 /* Main.storyboard in Resources */,
			);
			runOnlyForDeploymentPostprocessing = 0;
		};
		F239969E2510F1DD00B57D61 /* Resources */ = {
			isa = PBXResourcesBuildPhase;
			buildActionMask = 2147483647;
			files = (
			);
			runOnlyForDeploymentPostprocessing = 0;
		};
		F23996A92510F1DD00B57D61 /* Resources */ = {
			isa = PBXResourcesBuildPhase;
			buildActionMask = 2147483647;
			files = (
			);
			runOnlyForDeploymentPostprocessing = 0;
		};
/* End PBXResourcesBuildPhase section */

/* Begin PBXSourcesBuildPhase section */
		F23996862510F1D900B57D61 /* Sources */ = {
			isa = PBXSourcesBuildPhase;
			buildActionMask = 2147483647;
			files = (
				F23996922510F1D900B57D61 /* ViewController.swift in Sources */,
				F239968E2510F1D900B57D61 /* AppDelegate.swift in Sources */,
				F23996902510F1D900B57D61 /* SceneDelegate.swift in Sources */,
			);
			runOnlyForDeploymentPostprocessing = 0;
		};
		F239969C2510F1DD00B57D61 /* Sources */ = {
			isa = PBXSourcesBuildPhase;
			buildActionMask = 2147483647;
			files = (
				F23996A52510F1DD00B57D61 /* loginTests.swift in Sources */,
			);
			runOnlyForDeploymentPostprocessing = 0;
		};
		F23996A72510F1DD00B57D61 /* Sources */ = {
			isa = PBXSourcesBuildPhase;
			buildActionMask = 2147483647;
			files = (
				F23996B02510F1DD00B57D61 /* loginUITests.swift in Sources */,
			);
			runOnlyForDeploymentPostprocessing = 0;
		};
/* End PBXSourcesBuildPhase section */

/* Begin PBXTargetDependency section */
		F23996A22510F1DD00B57D61 /* PBXTargetDependency */ = {
			isa = PBXTargetDependency;
			target = F23996892510F1D900B57D61 /* login */;
			targetProxy = F23996A12510F1DD00B57D61 /* PBXContainerItemProxy */;
		};
		F23996AD2510F1DD00B57D61 /* PBXTargetDependency */ = {
			isa = PBXTargetDependency;
			target = F23996892510F1D900B57D61 /* login */;
			targetProxy = F23996AC2510F1DD00B57D61 /* PBXContainerItemProxy */;
		};
/* End PBXTargetDependency section */

/* Begin PBXVariantGroup section */
		F23996932510F1D900B57D61 /* Main.storyboard */ = {
			isa = PBXVariantGroup;
			children = (
				F23996942510F1D900B57D61 /* Base */,
			);
			name = Main.storyboard;
			sourceTree = "<group>";
		};
		F23996982510F1DC00B57D61 /* LaunchScreen.storyboard */ = {
			isa = PBXVariantGroup;
			children = (
				F23996992510F1DC00B57D61 /* Base */,
			);
			name = LaunchScreen.storyboard;
			sourceTree = "<group>";
		};
/* End PBXVariantGroup section */

/* Begin XCBuildConfiguration section */
		F23996B22510F1DD00B57D61 /* Debug */ = {
			isa = XCBuildConfiguration;
			buildSettings = {
				ALWAYS_SEARCH_USER_PATHS = NO;
				CLANG_ANALYZER_NONNULL = YES;
				CLANG_ANALYZER_NUMBER_OBJECT_CONVERSION = YES_AGGRESSIVE;
				CLANG_CXX_LANGUAGE_STANDARD = "gnu++14";
				CLANG_CXX_LIBRARY = "libc++";
				CLANG_ENABLE_MODULES = YES;
				CLANG_ENABLE_OBJC_ARC = YES;
				CLANG_ENABLE_OBJC_WEAK = YES;
				CLANG_WARN_BLOCK_CAPTURE_AUTORELEASING = YES;
				CLANG_WARN_BOOL_CONVERSION = YES;
				CLANG_WARN_COMMA = YES;
				CLANG_WARN_CONSTANT_CONVERSION = YES;
				CLANG_WARN_DEPRECATED_OBJC_IMPLEMENTATIONS = YES;
				CLANG_WARN_DIRECT_OBJC_ISA_USAGE = YES_ERROR;
				CLANG_WARN_DOCUMENTATION_COMMENTS = YES;
				CLANG_WARN_EMPTY_BODY = YES;
				CLANG_WARN_ENUM_CONVERSION = YES;
				CLANG_WARN_INFINITE_RECURSION = YES;
				CLANG_WARN_INT_CONVERSION = YES;
				CLANG_WARN_NON_LITERAL_NULL_CONVERSION = YES;
				CLANG_WARN_OBJC_IMPLICIT_RETAIN_SELF = YES;
				CLANG_WARN_OBJC_LITERAL_CONVERSION = YES;
				CLANG_WARN_OBJC_ROOT_CLASS = YES_ERROR;
				CLANG_WARN_RANGE_LOOP_ANALYSIS = YES;
				CLANG_WARN_STRICT_PROTOTYPES = YES;
				CLANG_WARN_SUSPICIOUS_MOVE = YES;
				CLANG_WARN_UNGUARDED_AVAILABILITY = YES_AGGRESSIVE;
				CLANG_WARN_UNREACHABLE_CODE = YES;
				CLANG_WARN__DUPLICATE_METHOD_MATCH = YES;
				COPY_PHASE_STRIP = NO;
				DEBUG_INFORMATION_FORMAT = dwarf;
				ENABLE_STRICT_OBJC_MSGSEND = YES;
				ENABLE_TESTABILITY = YES;
				GCC_C_LANGUAGE_STANDARD = gnu11;
				GCC_DYNAMIC_NO_PIC = NO;
				GCC_NO_COMMON_BLOCKS = YES;
				GCC_OPTIMIZATION_LEVEL = 0;
				GCC_PREPROCESSOR_DEFINITIONS = (
					"DEBUG=1",
					"$(inherited)",
				);
				GCC_WARN_64_TO_32_BIT_CONVERSION = YES;
				GCC_WARN_ABOUT_RETURN_TYPE = YES_ERROR;
				GCC_WARN_UNDECLARED_SELECTOR = YES;
				GCC_WARN_UNINITIALIZED_AUTOS = YES_AGGRESSIVE;
				GCC_WARN_UNUSED_FUNCTION = YES;
				GCC_WARN_UNUSED_VARIABLE = YES;
				IPHONEOS_DEPLOYMENT_TARGET = 13.7;
				MTL_ENABLE_DEBUG_INFO = INCLUDE_SOURCE;
				MTL_FAST_MATH = YES;
				ONLY_ACTIVE_ARCH = YES;
				SDKROOT = iphoneos;
				SWIFT_ACTIVE_COMPILATION_CONDITIONS = DEBUG;
				SWIFT_OPTIMIZATION_LEVEL = "-Onone";
			};
			name = Debug;
		};
		F23996B32510F1DD00B57D61 /* Release */ = {
			isa = XCBuildConfiguration;
			buildSettings = {
				ALWAYS_SEARCH_USER_PATHS = NO;
				CLANG_ANALYZER_NONNULL = YES;
				CLANG_ANALYZER_NUMBER_OBJECT_CONVERSION = YES_AGGRESSIVE;
				CLANG_CXX_LANGUAGE_STANDARD = "gnu++14";
				CLANG_CXX_LIBRARY = "libc++";
				CLANG_ENABLE_MODULES = YES;
				CLANG_ENABLE_OBJC_ARC = YES;
				CLANG_ENABLE_OBJC_WEAK = YES;
				CLANG_WARN_BLOCK_CAPTURE_AUTORELEASING = YES;
				CLANG_WARN_BOOL_CONVERSION = YES;
				CLANG_WARN_COMMA = YES;
				CLANG_WARN_CONSTANT_CONVERSION = YES;
				CLANG_WARN_DEPRECATED_OBJC_IMPLEMENTATIONS = YES;
				CLANG_WARN_DIRECT_OBJC_ISA_USAGE = YES_ERROR;
				CLANG_WARN_DOCUMENTATION_COMMENTS = YES;
				CLANG_WARN_EMPTY_BODY = YES;
				CLANG_WARN_ENUM_CONVERSION = YES;
				CLANG_WARN_INFINITE_RECURSION = YES;
				CLANG_WARN_INT_CONVERSION = YES;
				CLANG_WARN_NON_LITERAL_NULL_CONVERSION = YES;
				CLANG_WARN_OBJC_IMPLICIT_RETAIN_SELF = YES;
				CLANG_WARN_OBJC_LITERAL_CONVERSION = YES;
				CLANG_WARN_OBJC_ROOT_CLASS = YES_ERROR;
				CLANG_WARN_RANGE_LOOP_ANALYSIS = YES;
				CLANG_WARN_STRICT_PROTOTYPES = YES;
				CLANG_WARN_SUSPICIOUS_MOVE = YES;
				CLANG_WARN_UNGUARDED_AVAILABILITY = YES_AGGRESSIVE;
				CLANG_WARN_UNREACHABLE_CODE = YES;
				CLANG_WARN__DUPLICATE_METHOD_MATCH = YES;
				COPY_PHASE_STRIP = NO;
				DEBUG_INFORMATION_FORMAT = "dwarf-with-dsym";
				ENABLE_NS_ASSERTIONS = NO;
				ENABLE_STRICT_OBJC_MSGSEND = YES;
				GCC_C_LANGUAGE_STANDARD = gnu11;
				GCC_NO_COMMON_BLOCKS = YES;
				GCC_WARN_64_TO_32_BIT_CONVERSION = YES;
				GCC_WARN_ABOUT_RETURN_TYPE = YES_ERROR;
				GCC_WARN_UNDECLARED_SELECTOR = YES;
				GCC_WARN_UNINITIALIZED_AUTOS = YES_AGGRESSIVE;
				GCC_WARN_UNUSED_FUNCTION = YES;
				GCC_WARN_UNUSED_VARIABLE = YES;
				IPHONEOS_DEPLOYMENT_TARGET = 13.7;
				MTL_ENABLE_DEBUG_INFO = NO;
				MTL_FAST_MATH = YES;
				SDKROOT = iphoneos;
				SWIFT_COMPILATION_MODE = wholemodule;
				SWIFT_OPTIMIZATION_LEVEL = "-O";
				VALIDATE_PRODUCT = YES;
			};
			name = Release;
		};
		F23996B52510F1DD00B57D61 /* Debug */ = {
			isa = XCBuildConfiguration;
			buildSettings = {
				ASSETCATALOG_COMPILER_APPICON_NAME = AppIcon;
				CODE_SIGN_STYLE = Automatic;
				INFOPLIST_FILE = login/Info.plist;
				LD_RUNPATH_SEARCH_PATHS = (
					"$(inherited)",
					"@executable_path/Frameworks",
				);
				PRODUCT_BUNDLE_IDENTIFIER = "br.com.github-bertiGrazi.login";
				PRODUCT_NAME = "$(TARGET_NAME)";
				SWIFT_VERSION = 5.0;
				TARGETED_DEVICE_FAMILY = "1,2";
			};
			name = Debug;
		};
		F23996B62510F1DD00B57D61 /* Release */ = {
			isa = XCBuildConfiguration;
			buildSettings = {
				ASSETCATALOG_COMPILER_APPICON_NAME = AppIcon;
				CODE_SIGN_STYLE = Automatic;
				INFOPLIST_FILE = login/Info.plist;
				LD_RUNPATH_SEARCH_PATHS = (
					"$(inherited)",
					"@executable_path/Frameworks",
				);
				PRODUCT_BUNDLE_IDENTIFIER = "br.com.github-bertiGrazi.login";
				PRODUCT_NAME = "$(TARGET_NAME)";
				SWIFT_VERSION = 5.0;
				TARGETED_DEVICE_FAMILY = "1,2";
			};
			name = Release;
		};
		F23996B82510F1DD00B57D61 /* Debug */ = {
			isa = XCBuildConfiguration;
			buildSettings = {
				ALWAYS_EMBED_SWIFT_STANDARD_LIBRARIES = YES;
				BUNDLE_LOADER = "$(TEST_HOST)";
				CODE_SIGN_STYLE = Automatic;
				INFOPLIST_FILE = loginTests/Info.plist;
				IPHONEOS_DEPLOYMENT_TARGET = 13.7;
				LD_RUNPATH_SEARCH_PATHS = (
					"$(inherited)",
					"@executable_path/Frameworks",
					"@loader_path/Frameworks",
				);
				PRODUCT_BUNDLE_IDENTIFIER = "br.com.github-bertiGrazi.loginTests";
				PRODUCT_NAME = "$(TARGET_NAME)";
				SWIFT_VERSION = 5.0;
				TARGETED_DEVICE_FAMILY = "1,2";
				TEST_HOST = "$(BUILT_PRODUCTS_DIR)/login.app/login";
			};
			name = Debug;
		};
		F23996B92510F1DD00B57D61 /* Release */ = {
			isa = XCBuildConfiguration;
			buildSettings = {
				ALWAYS_EMBED_SWIFT_STANDARD_LIBRARIES = YES;
				BUNDLE_LOADER = "$(TEST_HOST)";
				CODE_SIGN_STYLE = Automatic;
				INFOPLIST_FILE = loginTests/Info.plist;
				IPHONEOS_DEPLOYMENT_TARGET = 13.7;
				LD_RUNPATH_SEARCH_PATHS = (
					"$(inherited)",
					"@executable_path/Frameworks",
					"@loader_path/Frameworks",
				);
				PRODUCT_BUNDLE_IDENTIFIER = "br.com.github-bertiGrazi.loginTests";
				PRODUCT_NAME = "$(TARGET_NAME)";
				SWIFT_VERSION = 5.0;
				TARGETED_DEVICE_FAMILY = "1,2";
				TEST_HOST = "$(BUILT_PRODUCTS_DIR)/login.app/login";
			};
			name = Release;
		};
		F23996BB2510F1DD00B57D61 /* Debug */ = {
			isa = XCBuildConfiguration;
			buildSettings = {
				ALWAYS_EMBED_SWIFT_STANDARD_LIBRARIES = YES;
				CODE_SIGN_STYLE = Automatic;
				INFOPLIST_FILE = loginUITests/Info.plist;
				LD_RUNPATH_SEARCH_PATHS = (
					"$(inherited)",
					"@executable_path/Frameworks",
					"@loader_path/Frameworks",
				);
				PRODUCT_BUNDLE_IDENTIFIER = "br.com.github-bertiGrazi.loginUITests";
				PRODUCT_NAME = "$(TARGET_NAME)";
				SWIFT_VERSION = 5.0;
				TARGETED_DEVICE_FAMILY = "1,2";
				TEST_TARGET_NAME = login;
			};
			name = Debug;
		};
		F23996BC2510F1DD00B57D61 /* Release */ = {
			isa = XCBuildConfiguration;
			buildSettings = {
				ALWAYS_EMBED_SWIFT_STANDARD_LIBRARIES = YES;
				CODE_SIGN_STYLE = Automatic;
				INFOPLIST_FILE = loginUITests/Info.plist;
				LD_RUNPATH_SEARCH_PATHS = (
					"$(inherited)",
					"@executable_path/Frameworks",
					"@loader_path/Frameworks",
				);
				PRODUCT_BUNDLE_IDENTIFIER = "br.com.github-bertiGrazi.loginUITests";
				PRODUCT_NAME = "$(TARGET_NAME)";
				SWIFT_VERSION = 5.0;
				TARGETED_DEVICE_FAMILY = "1,2";
				TEST_TARGET_NAME = login;
			};
			name = Release;
		};
/* End XCBuildConfiguration section */

/* Begin XCConfigurationList section */
		F23996852510F1D900B57D61 /* Build configuration list for PBXProject "login" */ = {
			isa = XCConfigurationList;
			buildConfigurations = (
				F23996B22510F1DD00B57D61 /* Debug */,
				F23996B32510F1DD00B57D61 /* Release */,
			);
			defaultConfigurationIsVisible = 0;
			defaultConfigurationName = Release;
		};
		F23996B42510F1DD00B57D61 /* Build configuration list for PBXNativeTarget "login" */ = {
			isa = XCConfigurationList;
			buildConfigurations = (
				F23996B52510F1DD00B57D61 /* Debug */,
				F23996B62510F1DD00B57D61 /* Release */,
			);
			defaultConfigurationIsVisible = 0;
			defaultConfigurationName = Release;
		};
		F23996B72510F1DD00B57D61 /* Build configuration list for PBXNativeTarget "loginTests" */ = {
			isa = XCConfigurationList;
			buildConfigurations = (
				F23996B82510F1DD00B57D61 /* Debug */,
				F23996B92510F1DD00B57D61 /* Release */,
			);
			defaultConfigurationIsVisible = 0;
			defaultConfigurationName = Release;
		};
		F23996BA2510F1DD00B57D61 /* Build configuration list for PBXNativeTarget "loginUITests" */ = {
			isa = XCConfigurationList;
			buildConfigurations = (
				F23996BB2510F1DD00B57D61 /* Debug */,
				F23996BC2510F1DD00B57D61 /* Release */,
			);
			defaultConfigurationIsVisible = 0;
			defaultConfigurationName = Release;
		};
/* End XCConfigurationList section */
	};
	rootObject = F23996822510F1D900B57D61 /* Project object */;
}
